{
  "version": "5",
  "specifiers": {
    "jsr:@supabase/functions-js@*": "2.5.0"
  },
  "jsr": {
    "@supabase/functions-js@2.5.0": {
      "integrity": "c48e3fc5da1510ce6dab34af3fc49cd637ea7b721d92faffd0545cbdcc548430"
    }
  },
  "workspace": {
    "dependencies": [
      "jsr:@std/assert@1"
    ],
    "packageJson": {
      "dependencies": [
        "npm:@supabase/supabase-js@^2.76.1",
        "npm:zod@^4.1.12"
      ]
    }
  }
}
